
Microsoft Visual Studio Solution File, Format Version 12.00
# Visual Studio Version 16
VisualStudioVersion = 16.0.29728.190
MinimumVisualStudioVersion = 10.0.40219.1
Project("{FAE04EC0-301F-11D3-BF4B-00C04F79EFBC}") = "ToolbarItemBadgeSample.Android", "ToolbarItemBadgeSample\ToolbarItemBadgeSample.Android\ToolbarItemBadgeSample.Android.csproj", "{CD71114E-DD08-451A-9A4E-26157BFBF74C}"
EndProject
Project("{FAE04EC0-301F-11D3-BF4B-00C04F79EFBC}") = "ToolbarItemBadgeSample.iOS", "ToolbarItemBadgeSample\ToolbarItemBadgeSample.iOS\ToolbarItemBadgeSample.iOS.csproj", "{E17A2AD0-47C8-4456-8588-69F71B3A5E65}"
EndProject
Project("{D954291E-2A0B-460D-934E-DC6B0785DB48}") = "ToolbarItemBadgeSample", "ToolbarItemBadgeSample\ToolbarItemBadgeSample\ToolbarItemBadgeSample.shproj", "{713C3BF0-1A26-471F-8D43-B6EF1767FA04}"
EndProject
Project("{FAE04EC0-301F-11D3-BF4B-00C04F79EFBC}") = "ToolbarItemBadgeSample.UWP", "ToolbarItemBadgeSample\ToolbarItemBadgeSample.UWP\ToolbarItemBadgeSample.UWP.csproj", "{F73DD3C4-2D46-4FAA-A2AB-AEF25AC040A8}"
EndProject
Global
	GlobalSection(SharedMSBuildProjectFiles) = preSolution
		ToolbarItemBadgeSample\ToolbarItemBadgeSample\ToolbarItemBadgeSample.projitems*{713c3bf0-1a26-471f-8d43-b6ef1767fa04}*SharedItemsImports = 13
		ToolbarItemBadgeSample\ToolbarItemBadgeSample\ToolbarItemBadgeSample.projitems*{cd71114e-dd08-451a-9a4e-26157bfbf74c}*SharedItemsImports = 4
		ToolbarItemBadgeSample\ToolbarItemBadgeSample\ToolbarItemBadgeSample.projitems*{e17a2ad0-47c8-4456-8588-69f71b3a5e65}*SharedItemsImports = 4
		ToolbarItemBadgeSample\ToolbarItemBadgeSample\ToolbarItemBadgeSample.projitems*{f73dd3c4-2d46-4faa-a2ab-aef25ac040a8}*SharedItemsImports = 4
	EndGlobalSection
	GlobalSection(SolutionConfigurationPlatforms) = preSolution
		Ad-Hoc|Any CPU = Ad-Hoc|Any CPU
		Ad-Hoc|ARM = Ad-Hoc|ARM
		Ad-Hoc|ARM64 = Ad-Hoc|ARM64
		Ad-Hoc|iPhone = Ad-Hoc|iPhone
		Ad-Hoc|iPhoneSimulator = Ad-Hoc|iPhoneSimulator
		Ad-Hoc|x64 = Ad-Hoc|x64
		Ad-Hoc|x86 = Ad-Hoc|x86
		AppStore|Any CPU = AppStore|Any CPU
		AppStore|ARM = AppStore|ARM
		AppStore|ARM64 = AppStore|ARM64
		AppStore|iPhone = AppStore|iPhone
		AppStore|iPhoneSimulator = AppStore|iPhoneSimulator
		AppStore|x64 = AppStore|x64
		AppStore|x86 = AppStore|x86
		Debug|Any CPU = Debug|Any CPU
		Debug|ARM = Debug|ARM
		Debug|ARM64 = Debug|ARM64
		Debug|iPhone = Debug|iPhone
		Debug|iPhoneSimulator = Debug|iPhoneSimulator
		Debug|x64 = Debug|x64
		Debug|x86 = Debug|x86
		Release|Any CPU = Release|Any CPU
		Release|ARM = Release|ARM
		Release|ARM64 = Release|ARM64
		Release|iPhone = Release|iPhone
		Release|iPhoneSimulator = Release|iPhoneSimulator
		Release|x64 = Release|x64
		Release|x86 = Release|x86
	EndGlobalSection
	GlobalSection(ProjectConfigurationPlatforms) = postSolution
		{CD71114E-DD08-451A-9A4E-26157BFBF74C}.Ad-Hoc|Any CPU.ActiveCfg = Release|Any CPU
		{CD71114E-DD08-451A-9A4E-26157BFBF74C}.Ad-Hoc|Any CPU.Build.0 = Release|Any CPU
		{CD71114E-DD08-451A-9A4E-26157BFBF74C}.Ad-Hoc|Any CPU.Deploy.0 = Release|Any CPU
		{CD71114E-DD08-451A-9A4E-26157BFBF74C}.Ad-Hoc|ARM.ActiveCfg = Release|Any CPU
		{CD71114E-DD08-451A-9A4E-26157BFBF74C}.Ad-Hoc|ARM.Build.0 = Release|Any CPU
		{CD71114E-DD08-451A-9A4E-26157BFBF74C}.Ad-Hoc|ARM.Deploy.0 = Release|Any CPU
		{CD71114E-DD08-451A-9A4E-26157BFBF74C}.Ad-Hoc|ARM64.ActiveCfg = Debug|Any CPU
		{CD71114E-DD08-451A-9A4E-26157BFBF74C}.Ad-Hoc|ARM64.Build.0 = Debug|Any CPU
		{CD71114E-DD08-451A-9A4E-26157BFBF74C}.Ad-Hoc|ARM64.Deploy.0 = Debug|Any CPU
		{CD71114E-DD08-451A-9A4E-26157BFBF74C}.Ad-Hoc|iPhone.ActiveCfg = Release|Any CPU
		{CD71114E-DD08-451A-9A4E-26157BFBF74C}.Ad-Hoc|iPhone.Build.0 = Release|Any CPU
		{CD71114E-DD08-451A-9A4E-26157BFBF74C}.Ad-Hoc|iPhone.Deploy.0 = Release|Any CPU
		{CD71114E-DD08-451A-9A4E-26157BFBF74C}.Ad-Hoc|iPhoneSimulator.ActiveCfg = Release|Any CPU
		{CD71114E-DD08-451A-9A4E-26157BFBF74C}.Ad-Hoc|iPhoneSimulator.Build.0 = Release|Any CPU
		{CD71114E-DD08-451A-9A4E-26157BFBF74C}.Ad-Hoc|iPhoneSimulator.Deploy.0 = Release|Any CPU
		{CD71114E-DD08-451A-9A4E-26157BFBF74C}.Ad-Hoc|x64.ActiveCfg = Release|Any CPU
		{CD71114E-DD08-451A-9A4E-26157BFBF74C}.Ad-Hoc|x64.Build.0 = Release|Any CPU
		{CD71114E-DD08-451A-9A4E-26157BFBF74C}.Ad-Hoc|x64.Deploy.0 = Release|Any CPU
		{CD71114E-DD08-451A-9A4E-26157BFBF74C}.Ad-Hoc|x86.ActiveCfg = Release|Any CPU
		{CD71114E-DD08-451A-9A4E-26157BFBF74C}.Ad-Hoc|x86.Build.0 = Release|Any CPU
		{CD71114E-DD08-451A-9A4E-26157BFBF74C}.Ad-Hoc|x86.Deploy.0 = Release|Any CPU
		{CD71114E-DD08-451A-9A4E-26157BFBF74C}.AppStore|Any CPU.ActiveCfg = Release|Any CPU
		{CD71114E-DD08-451A-9A4E-26157BFBF74C}.AppStore|Any CPU.Build.0 = Release|Any CPU
		{CD71114E-DD08-451A-9A4E-26157BFBF74C}.AppStore|Any CPU.Deploy.0 = Release|Any CPU
		{CD71114E-DD08-451A-9A4E-26157BFBF74C}.AppStore|ARM.ActiveCfg = Release|Any CPU
		{CD71114E-DD08-451A-9A4E-26157BFBF74C}.AppStore|ARM.Build.0 = Release|Any CPU
		{CD71114E-DD08-451A-9A4E-26157BFBF74C}.AppStore|ARM.Deploy.0 = Release|Any CPU
		{CD71114E-DD08-451A-9A4E-26157BFBF74C}.AppStore|ARM64.ActiveCfg = Debug|Any CPU
		{CD71114E-DD08-451A-9A4E-26157BFBF74C}.AppStore|ARM64.Build.0 = Debug|Any CPU
		{CD71114E-DD08-451A-9A4E-26157BFBF74C}.AppStore|ARM64.Deploy.0 = Debug|Any CPU
		{CD71114E-DD08-451A-9A4E-26157BFBF74C}.AppStore|iPhone.ActiveCfg = Release|Any CPU
		{CD71114E-DD08-451A-9A4E-26157BFBF74C}.AppStore|iPhone.Build.0 = Release|Any CPU
		{CD71114E-DD08-451A-9A4E-26157BFBF74C}.AppStore|iPhone.Deploy.0 = Release|Any CPU
		{CD71114E-DD08-451A-9A4E-26157BFBF74C}.AppStore|iPhoneSimulator.ActiveCfg = Release|Any CPU
		{CD71114E-DD08-451A-9A4E-26157BFBF74C}.AppStore|iPhoneSimulator.Build.0 = Release|Any CPU
		{CD71114E-DD08-451A-9A4E-26157BFBF74C}.AppStore|iPhoneSimulator.Deploy.0 = Release|Any CPU
		{CD71114E-DD08-451A-9A4E-26157BFBF74C}.AppStore|x64.ActiveCfg = Release|Any CPU
		{CD71114E-DD08-451A-9A4E-26157BFBF74C}.AppStore|x64.Build.0 = Release|Any CPU
		{CD71114E-DD08-451A-9A4E-26157BFBF74C}.AppStore|x64.Deploy.0 = Release|Any CPU
		{CD71114E-DD08-451A-9A4E-26157BFBF74C}.AppStore|x86.ActiveCfg = Release|Any CPU
		{CD71114E-DD08-451A-9A4E-26157BFBF74C}.AppStore|x86.Build.0 = Release|Any CPU
		{CD71114E-DD08-451A-9A4E-26157BFBF74C}.AppStore|x86.Deploy.0 = Release|Any CPU
		{CD71114E-DD08-451A-9A4E-26157BFBF74C}.Debug|Any CPU.ActiveCfg = Debug|Any CPU
		{CD71114E-DD08-451A-9A4E-26157BFBF74C}.Debug|Any CPU.Build.0 = Debug|Any CPU
		{CD71114E-DD08-451A-9A4E-26157BFBF74C}.Debug|Any CPU.Deploy.0 = Debug|Any CPU
		{CD71114E-DD08-451A-9A4E-26157BFBF74C}.Debug|ARM.ActiveCfg = Debug|Any CPU
		{CD71114E-DD08-451A-9A4E-26157BFBF74C}.Debug|ARM.Build.0 = Debug|Any CPU
		{CD71114E-DD08-451A-9A4E-26157BFBF74C}.Debug|ARM.Deploy.0 = Debug|Any CPU
		{CD71114E-DD08-451A-9A4E-26157BFBF74C}.Debug|ARM64.ActiveCfg = Debug|Any CPU
		{CD71114E-DD08-451A-9A4E-26157BFBF74C}.Debug|ARM64.Build.0 = Debug|Any CPU
		{CD71114E-DD08-451A-9A4E-26157BFBF74C}.Debug|ARM64.Deploy.0 = Debug|Any CPU
		{CD71114E-DD08-451A-9A4E-26157BFBF74C}.Debug|iPhone.ActiveCfg = Debug|Any CPU
		{CD71114E-DD08-451A-9A4E-26157BFBF74C}.Debug|iPhone.Build.0 = Debug|Any CPU
		{CD71114E-DD08-451A-9A4E-26157BFBF74C}.Debug|iPhone.Deploy.0 = Debug|Any CPU
		{CD71114E-DD08-451A-9A4E-26157BFBF74C}.Debug|iPhoneSimulator.ActiveCfg = Debug|Any CPU
		{CD71114E-DD08-451A-9A4E-26157BFBF74C}.Debug|iPhoneSimulator.Build.0 = Debug|Any CPU
		{CD71114E-DD08-451A-9A4E-26157BFBF74C}.Debug|iPhoneSimulator.Deploy.0 = Debug|Any CPU
		{CD71114E-DD08-451A-9A4E-26157BFBF74C}.Debug|x64.ActiveCfg = Debug|Any CPU
		{CD71114E-DD08-451A-9A4E-26157BFBF74C}.Debug|x64.Build.0 = Debug|Any CPU
		{CD71114E-DD08-451A-9A4E-26157BFBF74C}.Debug|x64.Deploy.0 = Debug|Any CPU
		{CD71114E-DD08-451A-9A4E-26157BFBF74C}.Debug|x86.ActiveCfg = Debug|Any CPU
		{CD71114E-DD08-451A-9A4E-26157BFBF74C}.Debug|x86.Build.0 = Debug|Any CPU
		{CD71114E-DD08-451A-9A4E-26157BFBF74C}.Debug|x86.Deploy.0 = Debug|Any CPU
		{CD71114E-DD08-451A-9A4E-26157BFBF74C}.Release|Any CPU.ActiveCfg = Release|Any CPU
		{CD71114E-DD08-451A-9A4E-26157BFBF74C}.Release|Any CPU.Build.0 = Release|Any CPU
		{CD71114E-DD08-451A-9A4E-26157BFBF74C}.Release|Any CPU.Deploy.0 = Release|Any CPU
		{CD71114E-DD08-451A-9A4E-26157BFBF74C}.Release|ARM.ActiveCfg = Release|Any CPU
		{CD71114E-DD08-451A-9A4E-26157BFBF74C}.Release|ARM.Build.0 = Release|Any CPU
		{CD71114E-DD08-451A-9A4E-26157BFBF74C}.Release|ARM.Deploy.0 = Release|Any CPU
		{CD71114E-DD08-451A-9A4E-26157BFBF74C}.Release|ARM64.ActiveCfg = Release|Any CPU
		{CD71114E-DD08-451A-9A4E-26157BFBF74C}.Release|ARM64.Build.0 = Release|Any CPU
		{CD71114E-DD08-451A-9A4E-26157BFBF74C}.Release|ARM64.Deploy.0 = Release|Any CPU
		{CD71114E-DD08-451A-9A4E-26157BFBF74C}.Release|iPhone.ActiveCfg = Release|Any CPU
		{CD71114E-DD08-451A-9A4E-26157BFBF74C}.Release|iPhone.Build.0 = Release|Any CPU
		{CD71114E-DD08-451A-9A4E-26157BFBF74C}.Release|iPhone.Deploy.0 = Release|Any CPU
		{CD71114E-DD08-451A-9A4E-26157BFBF74C}.Release|iPhoneSimulator.ActiveCfg = Release|Any CPU
		{CD71114E-DD08-451A-9A4E-26157BFBF74C}.Release|iPhoneSimulator.Build.0 = Release|Any CPU
		{CD71114E-DD08-451A-9A4E-26157BFBF74C}.Release|iPhoneSimulator.Deploy.0 = Release|Any CPU
		{CD71114E-DD08-451A-9A4E-26157BFBF74C}.Release|x64.ActiveCfg = Release|Any CPU
		{CD71114E-DD08-451A-9A4E-26157BFBF74C}.Release|x64.Build.0 = Release|Any CPU
		{CD71114E-DD08-451A-9A4E-26157BFBF74C}.Release|x64.Deploy.0 = Release|Any CPU
		{CD71114E-DD08-451A-9A4E-26157BFBF74C}.Release|x86.ActiveCfg = Release|Any CPU
		{CD71114E-DD08-451A-9A4E-26157BFBF74C}.Release|x86.Build.0 = Release|Any CPU
		{CD71114E-DD08-451A-9A4E-26157BFBF74C}.Release|x86.Deploy.0 = Release|Any CPU
		{E17A2AD0-47C8-4456-8588-69F71B3A5E65}.Ad-Hoc|Any CPU.ActiveCfg = Ad-Hoc|iPhone
		{E17A2AD0-47C8-4456-8588-69F71B3A5E65}.Ad-Hoc|ARM.ActiveCfg = Ad-Hoc|iPhone
		{E17A2AD0-47C8-4456-8588-69F71B3A5E65}.Ad-Hoc|ARM64.ActiveCfg = Ad-Hoc|iPhoneSimulator
		{E17A2AD0-47C8-4456-8588-69F71B3A5E65}.Ad-Hoc|iPhone.ActiveCfg = Ad-Hoc|iPhone
		{E17A2AD0-47C8-4456-8588-69F71B3A5E65}.Ad-Hoc|iPhone.Build.0 = Ad-Hoc|iPhone
		{E17A2AD0-47C8-4456-8588-69F71B3A5E65}.Ad-Hoc|iPhoneSimulator.ActiveCfg = Ad-Hoc|iPhoneSimulator
		{E17A2AD0-47C8-4456-8588-69F71B3A5E65}.Ad-Hoc|iPhoneSimulator.Build.0 = Ad-Hoc|iPhoneSimulator
		{E17A2AD0-47C8-4456-8588-69F71B3A5E65}.Ad-Hoc|x64.ActiveCfg = Ad-Hoc|iPhone
		{E17A2AD0-47C8-4456-8588-69F71B3A5E65}.Ad-Hoc|x86.ActiveCfg = Ad-Hoc|iPhone
		{E17A2AD0-47C8-4456-8588-69F71B3A5E65}.AppStore|Any CPU.ActiveCfg = AppStore|iPhone
		{E17A2AD0-47C8-4456-8588-69F71B3A5E65}.AppStore|ARM.ActiveCfg = AppStore|iPhone
		{E17A2AD0-47C8-4456-8588-69F71B3A5E65}.AppStore|ARM64.ActiveCfg = AppStore|iPhoneSimulator
		{E17A2AD0-47C8-4456-8588-69F71B3A5E65}.AppStore|iPhone.ActiveCfg = AppStore|iPhone
		{E17A2AD0-47C8-4456-8588-69F71B3A5E65}.AppStore|iPhone.Build.0 = AppStore|iPhone
		{E17A2AD0-47C8-4456-8588-69F71B3A5E65}.AppStore|iPhoneSimulator.ActiveCfg = AppStore|iPhoneSimulator
		{E17A2AD0-47C8-4456-8588-69F71B3A5E65}.AppStore|iPhoneSimulator.Build.0 = AppStore|iPhoneSimulator
		{E17A2AD0-47C8-4456-8588-69F71B3A5E65}.AppStore|x64.ActiveCfg = AppStore|iPhone
		{E17A2AD0-47C8-4456-8588-69F71B3A5E65}.AppStore|x86.ActiveCfg = AppStore|iPhone
		{E17A2AD0-47C8-4456-8588-69F71B3A5E65}.Debug|Any CPU.ActiveCfg = Debug|iPhoneSimulator
		{E17A2AD0-47C8-4456-8588-69F71B3A5E65}.Debug|ARM.ActiveCfg = Debug|iPhone
		{E17A2AD0-47C8-4456-8588-69F71B3A5E65}.Debug|ARM64.ActiveCfg = Debug|iPhoneSimulator
		{E17A2AD0-47C8-4456-8588-69F71B3A5E65}.Debug|iPhone.ActiveCfg = Debug|iPhone
		{E17A2AD0-47C8-4456-8588-69F71B3A5E65}.Debug|iPhone.Build.0 = Debug|iPhone
		{E17A2AD0-47C8-4456-8588-69F71B3A5E65}.Debug|iPhoneSimulator.ActiveCfg = Debug|iPhoneSimulator
		{E17A2AD0-47C8-4456-8588-69F71B3A5E65}.Debug|iPhoneSimulator.Build.0 = Debug|iPhoneSimulator
		{E17A2AD0-47C8-4456-8588-69F71B3A5E65}.Debug|x64.ActiveCfg = Debug|iPhone
		{E17A2AD0-47C8-4456-8588-69F71B3A5E65}.Debug|x86.ActiveCfg = Debug|iPhone
		{E17A2AD0-47C8-4456-8588-69F71B3A5E65}.Release|Any CPU.ActiveCfg = Release|iPhone
		{E17A2AD0-47C8-4456-8588-69F71B3A5E65}.Release|ARM.ActiveCfg = Release|iPhone
		{E17A2AD0-47C8-4456-8588-69F71B3A5E65}.Release|ARM64.ActiveCfg = Release|iPhoneSimulator
		{E17A2AD0-47C8-4456-8588-69F71B3A5E65}.Release|iPhone.ActiveCfg = Release|iPhone
		{E17A2AD0-47C8-4456-8588-69F71B3A5E65}.Release|iPhone.Build.0 = Release|iPhone
		{E17A2AD0-47C8-4456-8588-69F71B3A5E65}.Release|iPhoneSimulator.ActiveCfg = Release|iPhoneSimulator
		{E17A2AD0-47C8-4456-8588-69F71B3A5E65}.Release|iPhoneSimulator.Build.0 = Release|iPhoneSimulator
		{E17A2AD0-47C8-4456-8588-69F71B3A5E65}.Release|x64.ActiveCfg = Release|iPhone
		{E17A2AD0-47C8-4456-8588-69F71B3A5E65}.Release|x86.ActiveCfg = Release|iPhone
		{E17A2AD0-47C8-4456-8588-69F71B3A5E65}.Ad-Hoc|Any CPU.Build.0 = Ad-Hoc|iPhone
		{E17A2AD0-47C8-4456-8588-69F71B3A5E65}.AppStore|Any CPU.Build.0 = AppStore|iPhone
		{E17A2AD0-47C8-4456-8588-69F71B3A5E65}.Debug|Any CPU.Build.0 = Debug|iPhoneSimulator
		{E17A2AD0-47C8-4456-8588-69F71B3A5E65}.Release|Any CPU.Build.0 = Release|iPhone
		{F73DD3C4-2D46-4FAA-A2AB-AEF25AC040A8}.Ad-Hoc|Any CPU.ActiveCfg = Release|x64
		{F73DD3C4-2D46-4FAA-A2AB-AEF25AC040A8}.Ad-Hoc|Any CPU.Build.0 = Release|x64
		{F73DD3C4-2D46-4FAA-A2AB-AEF25AC040A8}.Ad-Hoc|Any CPU.Deploy.0 = Release|x64
		{F73DD3C4-2D46-4FAA-A2AB-AEF25AC040A8}.Ad-Hoc|ARM.ActiveCfg = Release|ARM
		{F73DD3C4-2D46-4FAA-A2AB-AEF25AC040A8}.Ad-Hoc|ARM.Build.0 = Release|ARM
		{F73DD3C4-2D46-4FAA-A2AB-AEF25AC040A8}.Ad-Hoc|ARM.Deploy.0 = Release|ARM
		{F73DD3C4-2D46-4FAA-A2AB-AEF25AC040A8}.Ad-Hoc|ARM64.ActiveCfg = Release|ARM64
		{F73DD3C4-2D46-4FAA-A2AB-AEF25AC040A8}.Ad-Hoc|ARM64.Build.0 = Release|ARM64
		{F73DD3C4-2D46-4FAA-A2AB-AEF25AC040A8}.Ad-Hoc|ARM64.Deploy.0 = Release|ARM64
		{F73DD3C4-2D46-4FAA-A2AB-AEF25AC040A8}.Ad-Hoc|iPhone.ActiveCfg = Release|x64
		{F73DD3C4-2D46-4FAA-A2AB-AEF25AC040A8}.Ad-Hoc|iPhone.Build.0 = Release|x64
		{F73DD3C4-2D46-4FAA-A2AB-AEF25AC040A8}.Ad-Hoc|iPhone.Deploy.0 = Release|x64
		{F73DD3C4-2D46-4FAA-A2AB-AEF25AC040A8}.Ad-Hoc|iPhoneSimulator.ActiveCfg = Release|x64
		{F73DD3C4-2D46-4FAA-A2AB-AEF25AC040A8}.Ad-Hoc|iPhoneSimulator.Build.0 = Release|x64
		{F73DD3C4-2D46-4FAA-A2AB-AEF25AC040A8}.Ad-Hoc|iPhoneSimulator.Deploy.0 = Release|x64
		{F73DD3C4-2D46-4FAA-A2AB-AEF25AC040A8}.Ad-Hoc|x64.ActiveCfg = Release|x64
		{F73DD3C4-2D46-4FAA-A2AB-AEF25AC040A8}.Ad-Hoc|x64.Build.0 = Release|x64
		{F73DD3C4-2D46-4FAA-A2AB-AEF25AC040A8}.Ad-Hoc|x64.Deploy.0 = Release|x64
		{F73DD3C4-2D46-4FAA-A2AB-AEF25AC040A8}.Ad-Hoc|x86.ActiveCfg = Release|x86
		{F73DD3C4-2D46-4FAA-A2AB-AEF25AC040A8}.Ad-Hoc|x86.Build.0 = Release|x86
		{F73DD3C4-2D46-4FAA-A2AB-AEF25AC040A8}.Ad-Hoc|x86.Deploy.0 = Release|x86
		{F73DD3C4-2D46-4FAA-A2AB-AEF25AC040A8}.AppStore|Any CPU.ActiveCfg = Release|x64
		{F73DD3C4-2D46-4FAA-A2AB-AEF25AC040A8}.AppStore|Any CPU.Build.0 = Release|x64
		{F73DD3C4-2D46-4FAA-A2AB-AEF25AC040A8}.AppStore|Any CPU.Deploy.0 = Release|x64
		{F73DD3C4-2D46-4FAA-A2AB-AEF25AC040A8}.AppStore|ARM.ActiveCfg = Release|ARM
		{F73DD3C4-2D46-4FAA-A2AB-AEF25AC040A8}.AppStore|ARM.Build.0 = Release|ARM
		{F73DD3C4-2D46-4FAA-A2AB-AEF25AC040A8}.AppStore|ARM.Deploy.0 = Release|ARM
		{F73DD3C4-2D46-4FAA-A2AB-AEF25AC040A8}.AppStore|ARM64.ActiveCfg = Release|ARM64
		{F73DD3C4-2D46-4FAA-A2AB-AEF25AC040A8}.AppStore|ARM64.Build.0 = Release|ARM64
		{F73DD3C4-2D46-4FAA-A2AB-AEF25AC040A8}.AppStore|ARM64.Deploy.0 = Release|ARM64
		{F73DD3C4-2D46-4FAA-A2AB-AEF25AC040A8}.AppStore|iPhone.ActiveCfg = Release|x64
		{F73DD3C4-2D46-4FAA-A2AB-AEF25AC040A8}.AppStore|iPhone.Build.0 = Release|x64
		{F73DD3C4-2D46-4FAA-A2AB-AEF25AC040A8}.AppStore|iPhone.Deploy.0 = Release|x64
		{F73DD3C4-2D46-4FAA-A2AB-AEF25AC040A8}.AppStore|iPhoneSimulator.ActiveCfg = Release|x64
		{F73DD3C4-2D46-4FAA-A2AB-AEF25AC040A8}.AppStore|iPhoneSimulator.Build.0 = Release|x64
		{F73DD3C4-2D46-4FAA-A2AB-AEF25AC040A8}.AppStore|iPhoneSimulator.Deploy.0 = Release|x64
		{F73DD3C4-2D46-4FAA-A2AB-AEF25AC040A8}.AppStore|x64.ActiveCfg = Release|x64
		{F73DD3C4-2D46-4FAA-A2AB-AEF25AC040A8}.AppStore|x64.Build.0 = Release|x64
		{F73DD3C4-2D46-4FAA-A2AB-AEF25AC040A8}.AppStore|x64.Deploy.0 = Release|x64
		{F73DD3C4-2D46-4FAA-A2AB-AEF25AC040A8}.AppStore|x86.ActiveCfg = Release|x86
		{F73DD3C4-2D46-4FAA-A2AB-AEF25AC040A8}.AppStore|x86.Build.0 = Release|x86
		{F73DD3C4-2D46-4FAA-A2AB-AEF25AC040A8}.AppStore|x86.Deploy.0 = Release|x86
		{F73DD3C4-2D46-4FAA-A2AB-AEF25AC040A8}.Debug|Any CPU.ActiveCfg = Debug|x86
		{F73DD3C4-2D46-4FAA-A2AB-AEF25AC040A8}.Debug|ARM.ActiveCfg = Debug|ARM
		{F73DD3C4-2D46-4FAA-A2AB-AEF25AC040A8}.Debug|ARM.Build.0 = Debug|ARM
		{F73DD3C4-2D46-4FAA-A2AB-AEF25AC040A8}.Debug|ARM.Deploy.0 = Debug|ARM
		{F73DD3C4-2D46-4FAA-A2AB-AEF25AC040A8}.Debug|ARM64.ActiveCfg = Debug|ARM64
		{F73DD3C4-2D46-4FAA-A2AB-AEF25AC040A8}.Debug|ARM64.Build.0 = Debug|ARM64
		{F73DD3C4-2D46-4FAA-A2AB-AEF25AC040A8}.Debug|ARM64.Deploy.0 = Debug|ARM64
		{F73DD3C4-2D46-4FAA-A2AB-AEF25AC040A8}.Debug|iPhone.ActiveCfg = Debug|x86
		{F73DD3C4-2D46-4FAA-A2AB-AEF25AC040A8}.Debug|iPhoneSimulator.ActiveCfg = Debug|x86
		{F73DD3C4-2D46-4FAA-A2AB-AEF25AC040A8}.Debug|x64.ActiveCfg = Debug|x64
		{F73DD3C4-2D46-4FAA-A2AB-AEF25AC040A8}.Debug|x64.Build.0 = Debug|x64
		{F73DD3C4-2D46-4FAA-A2AB-AEF25AC040A8}.Debug|x64.Deploy.0 = Debug|x64
		{F73DD3C4-2D46-4FAA-A2AB-AEF25AC040A8}.Debug|x86.ActiveCfg = Debug|x86
		{F73DD3C4-2D46-4FAA-A2AB-AEF25AC040A8}.Debug|x86.Build.0 = Debug|x86
		{F73DD3C4-2D46-4FAA-A2AB-AEF25AC040A8}.Debug|x86.Deploy.0 = Debug|x86
		{F73DD3C4-2D46-4FAA-A2AB-AEF25AC040A8}.Release|Any CPU.ActiveCfg = Release|x86
		{F73DD3C4-2D46-4FAA-A2AB-AEF25AC040A8}.Release|ARM.ActiveCfg = Release|ARM
		{F73DD3C4-2D46-4FAA-A2AB-AEF25AC040A8}.Release|ARM.Build.0 = Release|ARM
		{F73DD3C4-2D46-4FAA-A2AB-AEF25AC040A8}.Release|ARM.Deploy.0 = Release|ARM
		{F73DD3C4-2D46-4FAA-A2AB-AEF25AC040A8}.Release|ARM64.ActiveCfg = Release|ARM64
		{F73DD3C4-2D46-4FAA-A2AB-AEF25AC040A8}.Release|ARM64.Build.0 = Release|ARM64
		{F73DD3C4-2D46-4FAA-A2AB-AEF25AC040A8}.Release|ARM64.Deploy.0 = Release|ARM64
		{F73DD3C4-2D46-4FAA-A2AB-AEF25AC040A8}.Release|iPhone.ActiveCfg = Release|x86
		{F73DD3C4-2D46-4FAA-A2AB-AEF25AC040A8}.Release|iPhoneSimulator.ActiveCfg = Release|x86
		{F73DD3C4-2D46-4FAA-A2AB-AEF25AC040A8}.Release|x64.ActiveCfg = Release|x64
		{F73DD3C4-2D46-4FAA-A2AB-AEF25AC040A8}.Release|x64.Build.0 = Release|x64
		{F73DD3C4-2D46-4FAA-A2AB-AEF25AC040A8}.Release|x64.Deploy.0 = Release|x64
		{F73DD3C4-2D46-4FAA-A2AB-AEF25AC040A8}.Release|x86.ActiveCfg = Release|x86
		{F73DD3C4-2D46-4FAA-A2AB-AEF25AC040A8}.Release|x86.Build.0 = Release|x86
		{F73DD3C4-2D46-4FAA-A2AB-AEF25AC040A8}.Release|x86.Deploy.0 = Release|x86
	EndGlobalSection
	GlobalSection(SolutionProperties) = preSolution
		HideSolutionNode = FALSE
	EndGlobalSection
	GlobalSection(ExtensibilityGlobals) = postSolution
		SolutionGuid = {8D4767D4-7CAF-4D7A-804D-C97B1FBBCA45}
	EndGlobalSection
EndGlobal
